
Microsoft Visual Studio Solution File, Format Version 12.00
# Visual Studio Version 16
VisualStudioVersion = 16.0.28917.181
MinimumVisualStudioVersion = 10.0.40219.1
Project("{FAE04EC0-301F-11D3-BF4B-00C04F79EFBC}") = "QLearning", "QLearning\QLearning.csproj", "{5D4DC33C-4833-4032-A586-2E8993DA077B}"
EndProject
Project("{FAE04EC0-301F-11D3-BF4B-00C04F79EFBC}") = "QLearning.GuessNumber", "QLearning.GuessNumber\QLearning.GuessNumber.csproj", "{12EBFB3C-6CAC-43DF-8C32-8BAC83C0E5FD}"
EndProject
Project("{FAE04EC0-301F-11D3-BF4B-00C04F79EFBC}") = "QLearning.TicTakToe", "QLearning.TicTakToe\QLearning.TicTakToe.csproj", "{DBF0B747-DBB0-424E-B88E-5E5FE09FAF40}"
EndProject
Global
	GlobalSection(SolutionConfigurationPlatforms) = preSolution
		Debug|Any CPU = Debug|Any CPU
		Release|Any CPU = Release|Any CPU
	EndGlobalSection
	GlobalSection(ProjectConfigurationPlatforms) = postSolution
		{5D4DC33C-4833-4032-A586-2E8993DA077B}.Debug|Any CPU.ActiveCfg = Debug|Any CPU
		{5D4DC33C-4833-4032-A586-2E8993DA077B}.Debug|Any CPU.Build.0 = Debug|Any CPU
		{5D4DC33C-4833-4032-A586-2E8993DA077B}.Release|Any CPU.ActiveCfg = Release|Any CPU
		{5D4DC33C-4833-4032-A586-2E8993DA077B}.Release|Any CPU.Build.0 = Release|Any CPU
		{12EBFB3C-6CAC-43DF-8C32-8BAC83C0E5FD}.Debug|Any CPU.ActiveCfg = Debug|Any CPU
		{12EBFB3C-6CAC-43DF-8C32-8BAC83C0E5FD}.Debug|Any CPU.Build.0 = Debug|Any CPU
		{12EBFB3C-6CAC-43DF-8C32-8BAC83C0E5FD}.Release|Any CPU.ActiveCfg = Release|Any CPU
		{12EBFB3C-6CAC-43DF-8C32-8BAC83C0E5FD}.Release|Any CPU.Build.0 = Release|Any CPU
		{DBF0B747-DBB0-424E-B88E-5E5FE09FAF40}.Debug|Any CPU.ActiveCfg = Debug|Any CPU
		{DBF0B747-DBB0-424E-B88E-5E5FE09FAF40}.Debug|Any CPU.Build.0 = Debug|Any CPU
		{DBF0B747-DBB0-424E-B88E-5E5FE09FAF40}.Release|Any CPU.ActiveCfg = Release|Any CPU
		{DBF0B747-DBB0-424E-B88E-5E5FE09FAF40}.Release|Any CPU.Build.0 = Release|Any CPU
	EndGlobalSection
	GlobalSection(SolutionProperties) = preSolution
		HideSolutionNode = FALSE
	EndGlobalSection
	GlobalSection(ExtensibilityGlobals) = postSolution
		SolutionGuid = {5DB7F7F1-FD91-4161-A8C4-9EAA1A31F831}
	EndGlobalSection
EndGlobal
